
Microsoft Visual Studio Solution File, Format Version 12.00
# Visual Studio 15
VisualStudioVersion = 15.0.27130.2026
MinimumVisualStudioVersion = 10.0.40219.1
Project("{FAE04EC0-301F-11D3-BF4B-00C04F79EFBC}") = "SportscardDbCodeFirst.Client", "SportscardDbCodeFirst.Client\SportscardDbCodeFirst.Client.csproj", "{CF05C7DA-5E37-460D-85E3-12289FCEC234}"
EndProject
Project("{FAE04EC0-301F-11D3-BF4B-00C04F79EFBC}") = "SportscardDbCodeFirst.Data", "SportscardDbCodeFirst.Data\SportscardDbCodeFirst.Data.csproj", "{A6B15612-E89E-4D5F-A2C2-E4FDF9A0B887}"
EndProject
Project("{FAE04EC0-301F-11D3-BF4B-00C04F79EFBC}") = "SportscardDbCodeFirst.Models", "SportscardDbCodeFirst.Models\SportscardDbCodeFirst.Models.csproj", "{4175B715-446A-4432-AAAB-9721A37C7C08}"
EndProject
Global
	GlobalSection(SolutionConfigurationPlatforms) = preSolution
		Debug|Any CPU = Debug|Any CPU
		Release|Any CPU = Release|Any CPU
	EndGlobalSection
	GlobalSection(ProjectConfigurationPlatforms) = postSolution
		{CF05C7DA-5E37-460D-85E3-12289FCEC234}.Debug|Any CPU.ActiveCfg = Debug|Any CPU
		{CF05C7DA-5E37-460D-85E3-12289FCEC234}.Debug|Any CPU.Build.0 = Debug|Any CPU
		{CF05C7DA-5E37-460D-85E3-12289FCEC234}.Release|Any CPU.ActiveCfg = Release|Any CPU
		{CF05C7DA-5E37-460D-85E3-12289FCEC234}.Release|Any CPU.Build.0 = Release|Any CPU
		{A6B15612-E89E-4D5F-A2C2-E4FDF9A0B887}.Debug|Any CPU.ActiveCfg = Debug|Any CPU
		{A6B15612-E89E-4D5F-A2C2-E4FDF9A0B887}.Debug|Any CPU.Build.0 = Debug|Any CPU
		{A6B15612-E89E-4D5F-A2C2-E4FDF9A0B887}.Release|Any CPU.ActiveCfg = Release|Any CPU
		{A6B15612-E89E-4D5F-A2C2-E4FDF9A0B887}.Release|Any CPU.Build.0 = Release|Any CPU
		{4175B715-446A-4432-AAAB-9721A37C7C08}.Debug|Any CPU.ActiveCfg = Debug|Any CPU
		{4175B715-446A-4432-AAAB-9721A37C7C08}.Debug|Any CPU.Build.0 = Debug|Any CPU
		{4175B715-446A-4432-AAAB-9721A37C7C08}.Release|Any CPU.ActiveCfg = Release|Any CPU
		{4175B715-446A-4432-AAAB-9721A37C7C08}.Release|Any CPU.Build.0 = Release|Any CPU
	EndGlobalSection
	GlobalSection(SolutionProperties) = preSolution
		HideSolutionNode = FALSE
	EndGlobalSection
	GlobalSection(ExtensibilityGlobals) = postSolution
		SolutionGuid = {DDF8B0C2-1A7C-4C7F-B36E-3F4B0ED6BAA4}
	EndGlobalSection
EndGlobal
